
Microsoft Visual Studio Solution File, Format Version 12.00
# Visual Studio Version 17
VisualStudioVersion = 17.0.31903.59
MinimumVisualStudioVersion = 10.0.40219.1
Project("{2150E333-8FDC-42A3-9474-1A3956D46DE8}") = "Challenge_1", "Challenge_1", "{3CBEA6C7-28A6-407B-8EA5-8F416E0DD10C}"
EndProject
Project("{FAE04EC0-301F-11D3-BF4B-00C04F79EFBC}") = "K_CafeData", "Challenge_1\K_CafeData\K_CafeData.csproj", "{5ABAA603-06A5-47D9-9895-D224521D6C13}"
EndProject
Project("{FAE04EC0-301F-11D3-BF4B-00C04F79EFBC}") = "K_CafeTest", "Challenge_1\K_Cafe_TestI\K_CafeTest.csproj", "{24369DBB-8613-4AEF-B3C4-A167D6B13D49}"
EndProject
Project("{FAE04EC0-301F-11D3-BF4B-00C04F79EFBC}") = "K_Cafe_UI", "Challenge_1\K_Cafe_UI\K_Cafe_UI.csproj", "{E242D39E-B909-4C32-8B26-BE76B161CB56}"
EndProject
Project("{2150E333-8FDC-42A3-9474-1A3956D46DE8}") = "Challenge_2", "Challenge_2", "{89086349-203D-445A-A569-D3E634C9F4A6}"
EndProject
Project("{FAE04EC0-301F-11D3-BF4B-00C04F79EFBC}") = "chalengeTwo_UI", "Challenge_2\ChallengeTwo_UI\chalengeTwo_UI.csproj", "{B83703E7-DBF2-440E-A665-7165BD25D1A0}"
EndProject
Project("{FAE04EC0-301F-11D3-BF4B-00C04F79EFBC}") = "ChallengeTwo_Tests", "Challenge_2\ChallengeTwo_Tests\ChallengeTwo_Tests.csproj", "{F425CE71-F53E-4BBF-8EF8-2288463C5213}"
EndProject
Project("{FAE04EC0-301F-11D3-BF4B-00C04F79EFBC}") = "ChallengeTwo.Data", "Challenge_2\ChallengeTwo.Data\ChallengeTwo.Data.csproj", "{FDC7D2F3-77AB-4D10-BFD4-B97DFC5E9CE8}"
EndProject
Project("{2150E333-8FDC-42A3-9474-1A3956D46DE8}") = "Challenge_3", "Challenge_3", "{F8D86B5A-8E31-4D24-931D-40EFF9C74F93}"
EndProject
Project("{FAE04EC0-301F-11D3-BF4B-00C04F79EFBC}") = "ChallengeThree_AddressBook_Tests", "Challenge_3\ChallengeThree_AddressBook_Tests\ChallengeThree_AddressBook_Tests.csproj", "{5BBE8F26-1D4B-41D7-85D4-FAEDF8D75A0F}"
EndProject
Project("{FAE04EC0-301F-11D3-BF4B-00C04F79EFBC}") = "ChallengeThree_AddressBook_Data", "Challenge_3\ChallengeThree_AddressBook_Data\ChallengeThree_AddressBook_Data.csproj", "{BD118658-FFA3-4877-BCF1-4CFC7662B5CA}"
EndProject
Project("{FAE04EC0-301F-11D3-BF4B-00C04F79EFBC}") = "ChallengeThree_AddressBook_UI", "Challenge_3\ChallengeThree_AddressBook_UI\ChallengeThree_AddressBook_UI.csproj", "{A7C46080-27AA-4C28-B146-D72B031AC4C1}"
EndProject
Global
	GlobalSection(SolutionConfigurationPlatforms) = preSolution
		Debug|Any CPU = Debug|Any CPU
		Release|Any CPU = Release|Any CPU
	EndGlobalSection
	GlobalSection(SolutionProperties) = preSolution
		HideSolutionNode = FALSE
	EndGlobalSection
	GlobalSection(ProjectConfigurationPlatforms) = postSolution
		{5ABAA603-06A5-47D9-9895-D224521D6C13}.Debug|Any CPU.ActiveCfg = Debug|Any CPU
		{5ABAA603-06A5-47D9-9895-D224521D6C13}.Debug|Any CPU.Build.0 = Debug|Any CPU
		{5ABAA603-06A5-47D9-9895-D224521D6C13}.Release|Any CPU.ActiveCfg = Release|Any CPU
		{5ABAA603-06A5-47D9-9895-D224521D6C13}.Release|Any CPU.Build.0 = Release|Any CPU
		{24369DBB-8613-4AEF-B3C4-A167D6B13D49}.Debug|Any CPU.ActiveCfg = Debug|Any CPU
		{24369DBB-8613-4AEF-B3C4-A167D6B13D49}.Debug|Any CPU.Build.0 = Debug|Any CPU
		{24369DBB-8613-4AEF-B3C4-A167D6B13D49}.Release|Any CPU.ActiveCfg = Release|Any CPU
		{24369DBB-8613-4AEF-B3C4-A167D6B13D49}.Release|Any CPU.Build.0 = Release|Any CPU
		{E242D39E-B909-4C32-8B26-BE76B161CB56}.Debug|Any CPU.ActiveCfg = Debug|Any CPU
		{E242D39E-B909-4C32-8B26-BE76B161CB56}.Debug|Any CPU.Build.0 = Debug|Any CPU
		{E242D39E-B909-4C32-8B26-BE76B161CB56}.Release|Any CPU.ActiveCfg = Release|Any CPU
		{E242D39E-B909-4C32-8B26-BE76B161CB56}.Release|Any CPU.Build.0 = Release|Any CPU
		{B83703E7-DBF2-440E-A665-7165BD25D1A0}.Debug|Any CPU.ActiveCfg = Debug|Any CPU
		{B83703E7-DBF2-440E-A665-7165BD25D1A0}.Debug|Any CPU.Build.0 = Debug|Any CPU
		{B83703E7-DBF2-440E-A665-7165BD25D1A0}.Release|Any CPU.ActiveCfg = Release|Any CPU
		{B83703E7-DBF2-440E-A665-7165BD25D1A0}.Release|Any CPU.Build.0 = Release|Any CPU
		{F425CE71-F53E-4BBF-8EF8-2288463C5213}.Debug|Any CPU.ActiveCfg = Debug|Any CPU
		{F425CE71-F53E-4BBF-8EF8-2288463C5213}.Debug|Any CPU.Build.0 = Debug|Any CPU
		{F425CE71-F53E-4BBF-8EF8-2288463C5213}.Release|Any CPU.ActiveCfg = Release|Any CPU
		{F425CE71-F53E-4BBF-8EF8-2288463C5213}.Release|Any CPU.Build.0 = Release|Any CPU
		{FDC7D2F3-77AB-4D10-BFD4-B97DFC5E9CE8}.Debug|Any CPU.ActiveCfg = Debug|Any CPU
		{FDC7D2F3-77AB-4D10-BFD4-B97DFC5E9CE8}.Debug|Any CPU.Build.0 = Debug|Any CPU
		{FDC7D2F3-77AB-4D10-BFD4-B97DFC5E9CE8}.Release|Any CPU.ActiveCfg = Release|Any CPU
		{FDC7D2F3-77AB-4D10-BFD4-B97DFC5E9CE8}.Release|Any CPU.Build.0 = Release|Any CPU
		{5BBE8F26-1D4B-41D7-85D4-FAEDF8D75A0F}.Debug|Any CPU.ActiveCfg = Debug|Any CPU
		{5BBE8F26-1D4B-41D7-85D4-FAEDF8D75A0F}.Debug|Any CPU.Build.0 = Debug|Any CPU
		{5BBE8F26-1D4B-41D7-85D4-FAEDF8D75A0F}.Release|Any CPU.ActiveCfg = Release|Any CPU
		{5BBE8F26-1D4B-41D7-85D4-FAEDF8D75A0F}.Release|Any CPU.Build.0 = Release|Any CPU
		{BD118658-FFA3-4877-BCF1-4CFC7662B5CA}.Debug|Any CPU.ActiveCfg = Debug|Any CPU
		{BD118658-FFA3-4877-BCF1-4CFC7662B5CA}.Debug|Any CPU.Build.0 = Debug|Any CPU
		{BD118658-FFA3-4877-BCF1-4CFC7662B5CA}.Release|Any CPU.ActiveCfg = Release|Any CPU
		{BD118658-FFA3-4877-BCF1-4CFC7662B5CA}.Release|Any CPU.Build.0 = Release|Any CPU
		{A7C46080-27AA-4C28-B146-D72B031AC4C1}.Debug|Any CPU.ActiveCfg = Debug|Any CPU
		{A7C46080-27AA-4C28-B146-D72B031AC4C1}.Debug|Any CPU.Build.0 = Debug|Any CPU
		{A7C46080-27AA-4C28-B146-D72B031AC4C1}.Release|Any CPU.ActiveCfg = Release|Any CPU
		{A7C46080-27AA-4C28-B146-D72B031AC4C1}.Release|Any CPU.Build.0 = Release|Any CPU
	EndGlobalSection
	GlobalSection(NestedProjects) = preSolution
		{5ABAA603-06A5-47D9-9895-D224521D6C13} = {3CBEA6C7-28A6-407B-8EA5-8F416E0DD10C}
		{24369DBB-8613-4AEF-B3C4-A167D6B13D49} = {3CBEA6C7-28A6-407B-8EA5-8F416E0DD10C}
		{E242D39E-B909-4C32-8B26-BE76B161CB56} = {3CBEA6C7-28A6-407B-8EA5-8F416E0DD10C}
		{B83703E7-DBF2-440E-A665-7165BD25D1A0} = {89086349-203D-445A-A569-D3E634C9F4A6}
		{F425CE71-F53E-4BBF-8EF8-2288463C5213} = {89086349-203D-445A-A569-D3E634C9F4A6}
		{FDC7D2F3-77AB-4D10-BFD4-B97DFC5E9CE8} = {89086349-203D-445A-A569-D3E634C9F4A6}
		{5BBE8F26-1D4B-41D7-85D4-FAEDF8D75A0F} = {F8D86B5A-8E31-4D24-931D-40EFF9C74F93}
		{BD118658-FFA3-4877-BCF1-4CFC7662B5CA} = {F8D86B5A-8E31-4D24-931D-40EFF9C74F93}
		{A7C46080-27AA-4C28-B146-D72B031AC4C1} = {F8D86B5A-8E31-4D24-931D-40EFF9C74F93}
	EndGlobalSection
EndGlobal
